<?xml version="1.0" encoding="UTF-8" standalone="yes" ?>
<CodeBlocks_project_file>
	<FileVersion major="1" minor="6" />
	<Project>
		<Option title="EE441_PA2_Halil Can_Nalbant_2166973" />
		<Option pch_mode="2" />
		<Option compiler="gcc" />
		<Build>
			<Target title="Debug">
				<Option output="bin/Debug/EE441_PA2_Halil Can_Nalbant_2166973" prefix_auto="1" extension_auto="1" />
				<Option object_output="obj/Debug/" />
				<Option type="1" />
				<Option compiler="gcc" />
				<Compiler>
					<Add option="-g" />
				</Compiler>
			</Target>
			<Target title="Release">
				<Option output="bin/Release/EE441_PA2_Halil Can_Nalbant_2166973" prefix_auto="1" extension_auto="1" />
				<Option object_output="obj/Release/" />
				<Option type="1" />
				<Option compiler="gcc" />
				<Compiler>
					<Add option="-O2" />
				</Compiler>
				<Linker>
					<Add option="-s" />
				</Linker>
			</Target>
		</Build>
		<Compiler>
			<Add option="-Wall" />
			<Add option="-fexceptions" />
		</Compiler>
		<Unit filename="AddMonthlyNewFlights.h" />
		<Unit filename="AddMonthlyNewRoutes.h" />
		<Unit filename="AddReturnFlights.h" />
		<Unit filename="CancelUnpopularFlights.h" />
		<Unit filename="CheckNaddReturnRoutes.h" />
		<Unit filename="DiscardUnpopularRoutesAndUpdatePrices.h" />
		<Unit filename="DisplayRouteOptions.h" />
		<Unit filename="FTr.h" />
		<Unit filename="FlightBSTree.h" />
		<Unit filename="FlightStack.h" />
		<Unit filename="InitFlightPlan.h" />
		<Unit filename="InitRouteMap.h" />
		<Unit filename="Monthly.h" />
		<Unit filename="Mothly.h" />
		<Unit filename="Routes.h" />
		<Unit filename="SemiAnnual.h" />
		<Unit filename="main.cpp" />
		<Unit filename="node.h" />
		<Unit filename="node2.h" />
		<Extensions>
			<lib_finder disable_auto="1" />
		</Extensions>
	</Project>
</CodeBlocks_project_file>
